
Microsoft Visual Studio Solution File, Format Version 12.00
# Visual Studio 15
VisualStudioVersion = 15.0.28307.329
MinimumVisualStudioVersion = 10.0.40219.1
Project("{FAE04EC0-301F-11D3-BF4B-00C04F79EFBC}") = "UserWcfServiceLib", "UserWcfServiceLib\UserWcfServiceLib.csproj", "{820C40A4-9575-4361-A1C1-96991CD7BF3B}"
EndProject
Global
	GlobalSection(SolutionConfigurationPlatforms) = preSolution
		Debug|Any CPU = Debug|Any CPU
		Release|Any CPU = Release|Any CPU
	EndGlobalSection
	GlobalSection(ProjectConfigurationPlatforms) = postSolution
		{820C40A4-9575-4361-A1C1-96991CD7BF3B}.Debug|Any CPU.ActiveCfg = Debug|Any CPU
		{820C40A4-9575-4361-A1C1-96991CD7BF3B}.Debug|Any CPU.Build.0 = Debug|Any CPU
		{820C40A4-9575-4361-A1C1-96991CD7BF3B}.Release|Any CPU.ActiveCfg = Release|Any CPU
		{820C40A4-9575-4361-A1C1-96991CD7BF3B}.Release|Any CPU.Build.0 = Release|Any CPU
	EndGlobalSection
	GlobalSection(SolutionProperties) = preSolution
		HideSolutionNode = FALSE
	EndGlobalSection
	GlobalSection(ExtensibilityGlobals) = postSolution
		SolutionGuid = {287FF717-B35D-4D13-9774-35E6F73FA7BC}
	EndGlobalSection
EndGlobal
